// !$*UTF8*$!
{
	archiveVersion = 1;
	classes = {
	};
	objectVersion = 50;
	objects = {

/* Begin PBXBuildFile section */
		13078B95240F09A1009AB852 /* GalleryItem.swift in Sources */ = {isa = PBXBuildFile; fileRef = 13078B94240F09A1009AB852 /* GalleryItem.swift */; };
		13078B97240F0A87009AB852 /* PList_1.plist in Resources */ = {isa = PBXBuildFile; fileRef = 13078B96240F0A87009AB852 /* PList_1.plist */; };
		134EC5122409878E00730470 /* AppDelegate.swift in Sources */ = {isa = PBXBuildFile; fileRef = 134EC5112409878E00730470 /* AppDelegate.swift */; };
		134EC5142409878E00730470 /* SceneDelegate.swift in Sources */ = {isa = PBXBuildFile; fileRef = 134EC5132409878E00730470 /* SceneDelegate.swift */; };
		134EC5192409878E00730470 /* Main.storyboard in Resources */ = {isa = PBXBuildFile; fileRef = 134EC5172409878E00730470 /* Main.storyboard */; };
		134EC51B2409878F00730470 /* Assets.xcassets in Resources */ = {isa = PBXBuildFile; fileRef = 134EC51A2409878F00730470 /* Assets.xcassets */; };
		134EC51E2409878F00730470 /* LaunchScreen.storyboard in Resources */ = {isa = PBXBuildFile; fileRef = 134EC51C2409878F00730470 /* LaunchScreen.storyboard */; };
		134EC52C2409991400730470 /* Animal.swift in Sources */ = {isa = PBXBuildFile; fileRef = 134EC52B2409991400730470 /* Animal.swift */; };
		13E361E7240C653F00F07DAE /* AnimalsTableViewController.swift in Sources */ = {isa = PBXBuildFile; fileRef = 13E361E6240C653F00F07DAE /* AnimalsTableViewController.swift */; };
		260A59AF24117270009F3827 /* CollectionViewCell.swift in Sources */ = {isa = PBXBuildFile; fileRef = 260A59AE24117270009F3827 /* CollectionViewCell.swift */; };
		260A59B124117381009F3827 /* ViewController.swift in Sources */ = {isa = PBXBuildFile; fileRef = 260A59B024117381009F3827 /* ViewController.swift */; };
		262B89AD24122E79002D2268 /* CollectionReusableView.swift in Sources */ = {isa = PBXBuildFile; fileRef = 262B89AC24122E79002D2268 /* CollectionReusableView.swift */; };
/* End PBXBuildFile section */

/* Begin PBXFileReference section */
		13078B94240F09A1009AB852 /* GalleryItem.swift */ = {isa = PBXFileReference; lastKnownFileType = sourcecode.swift; path = GalleryItem.swift; sourceTree = "<group>"; };
		13078B96240F0A87009AB852 /* PList_1.plist */ = {isa = PBXFileReference; lastKnownFileType = text.plist.xml; path = PList_1.plist; sourceTree = "<group>"; };
		134EC50E2409878E00730470 /* group_5_assignment5.app */ = {isa = PBXFileReference; explicitFileType = wrapper.application; includeInIndex = 0; path = group_5_assignment5.app; sourceTree = BUILT_PRODUCTS_DIR; };
		134EC5112409878E00730470 /* AppDelegate.swift */ = {isa = PBXFileReference; lastKnownFileType = sourcecode.swift; path = AppDelegate.swift; sourceTree = "<group>"; };
		134EC5132409878E00730470 /* SceneDelegate.swift */ = {isa = PBXFileReference; lastKnownFileType = sourcecode.swift; path = SceneDelegate.swift; sourceTree = "<group>"; };
		134EC5182409878E00730470 /* Base */ = {isa = PBXFileReference; lastKnownFileType = file.storyboard; name = Base; path = Base.lproj/Main.storyboard; sourceTree = "<group>"; };
		134EC51A2409878F00730470 /* Assets.xcassets */ = {isa = PBXFileReference; lastKnownFileType = folder.assetcatalog; path = Assets.xcassets; sourceTree = "<group>"; };
		134EC51D2409878F00730470 /* Base */ = {isa = PBXFileReference; lastKnownFileType = file.storyboard; name = Base; path = Base.lproj/LaunchScreen.storyboard; sourceTree = "<group>"; };
		134EC51F2409878F00730470 /* Info.plist */ = {isa = PBXFileReference; lastKnownFileType = text.plist.xml; path = Info.plist; sourceTree = "<group>"; };
		134EC52B2409991400730470 /* Animal.swift */ = {isa = PBXFileReference; lastKnownFileType = sourcecode.swift; path = Animal.swift; sourceTree = "<group>"; };
		13E361E6240C653F00F07DAE /* AnimalsTableViewController.swift */ = {isa = PBXFileReference; lastKnownFileType = sourcecode.swift; path = AnimalsTableViewController.swift; sourceTree = "<group>"; };
		260A59AE24117270009F3827 /* CollectionViewCell.swift */ = {isa = PBXFileReference; lastKnownFileType = sourcecode.swift; path = CollectionViewCell.swift; sourceTree = "<group>"; };
		260A59B024117381009F3827 /* ViewController.swift */ = {isa = PBXFileReference; lastKnownFileType = sourcecode.swift; path = ViewController.swift; sourceTree = "<group>"; };
		262B89AC24122E79002D2268 /* CollectionReusableView.swift */ = {isa = PBXFileReference; lastKnownFileType = sourcecode.swift; path = CollectionReusableView.swift; sourceTree = "<group>"; };
/* End PBXFileReference section */

/* Begin PBXFrameworksBuildPhase section */
		134EC50B2409878E00730470 /* Frameworks */ = {
			isa = PBXFrameworksBuildPhase;
			buildActionMask = 2147483647;
			files = (
			);
			runOnlyForDeploymentPostprocessing = 0;
		};
/* End PBXFrameworksBuildPhase section */

/* Begin PBXGroup section */
		134EC5052409878E00730470 = {
			isa = PBXGroup;
			children = (
				134EC5102409878E00730470 /* group_5_assignment5 */,
				134EC50F2409878E00730470 /* Products */,
			);
			sourceTree = "<group>";
		};
		134EC50F2409878E00730470 /* Products */ = {
			isa = PBXGroup;
			children = (
				134EC50E2409878E00730470 /* group_5_assignment5.app */,
			);
			name = Products;
			sourceTree = "<group>";
		};
		134EC5102409878E00730470 /* group_5_assignment5 */ = {
			isa = PBXGroup;
			children = (
				134EC5112409878E00730470 /* AppDelegate.swift */,
				134EC5132409878E00730470 /* SceneDelegate.swift */,
				13E361E6240C653F00F07DAE /* AnimalsTableViewController.swift */,
				134EC5172409878E00730470 /* Main.storyboard */,
				260A59B024117381009F3827 /* ViewController.swift */,
				262B89AC24122E79002D2268 /* CollectionReusableView.swift */,
				260A59AE24117270009F3827 /* CollectionViewCell.swift */,
				13078B94240F09A1009AB852 /* GalleryItem.swift */,
				13078B96240F0A87009AB852 /* PList_1.plist */,
				134EC51A2409878F00730470 /* Assets.xcassets */,
				134EC51C2409878F00730470 /* LaunchScreen.storyboard */,
				134EC51F2409878F00730470 /* Info.plist */,
				134EC52B2409991400730470 /* Animal.swift */,
			);
			path = group_5_assignment5;
			sourceTree = "<group>";
		};
/* End PBXGroup section */

/* Begin PBXNativeTarget section */
		134EC50D2409878E00730470 /* group_5_assignment5 */ = {
			isa = PBXNativeTarget;
			buildConfigurationList = 134EC5222409878F00730470 /* Build configuration list for PBXNativeTarget "group_5_assignment5" */;
			buildPhases = (
				134EC50A2409878E00730470 /* Sources */,
				134EC50B2409878E00730470 /* Frameworks */,
				134EC50C2409878E00730470 /* Resources */,
			);
			buildRules = (
			);
			dependencies = (
			);
			name = group_5_assignment5;
			productName = group_5_assignment4;
			productReference = 134EC50E2409878E00730470 /* group_5_assignment5.app */;
			productType = "com.apple.product-type.application";
		};
/* End PBXNativeTarget section */

/* Begin PBXProject section */
		134EC5062409878E00730470 /* Project object */ = {
			isa = PBXProject;
			attributes = {
				LastSwiftUpdateCheck = 1130;
				LastUpgradeCheck = 1130;
				ORGANIZATIONNAME = "Jeffrey Cordes";
				TargetAttributes = {
					134EC50D2409878E00730470 = {
						CreatedOnToolsVersion = 11.3.1;
					};
				};
			};
			buildConfigurationList = 134EC5092409878E00730470 /* Build configuration list for PBXProject "group_5_assignment5" */;
			compatibilityVersion = "Xcode 9.3";
			developmentRegion = en;
			hasScannedForEncodings = 0;
			knownRegions = (
				en,
				Base,
			);
			mainGroup = 134EC5052409878E00730470;
			productRefGroup = 134EC50F2409878E00730470 /* Products */;
			projectDirPath = "";
			projectRoot = "";
			targets = (
				134EC50D2409878E00730470 /* group_5_assignment5 */,
			);
		};
/* End PBXProject section */

/* Begin PBXResourcesBuildPhase section */
		134EC50C2409878E00730470 /* Resources */ = {
			isa = PBXResourcesBuildPhase;
			buildActionMask = 2147483647;
			files = (
				134EC51E2409878F00730470 /* LaunchScreen.storyboard in Resources */,
				134EC51B2409878F00730470 /* Assets.xcassets in Resources */,
				134EC5192409878E00730470 /* Main.storyboard in Resources */,
				13078B97240F0A87009AB852 /* PList_1.plist in Resources */,
			);
			runOnlyForDeploymentPostprocessing = 0;
		};
/* End PBXResourcesBuildPhase section */

/* Begin PBXSourcesBuildPhase section */
		134EC50A2409878E00730470 /* Sources */ = {
			isa = PBXSourcesBuildPhase;
			buildActionMask = 2147483647;
			files = (
				13078B95240F09A1009AB852 /* GalleryItem.swift in Sources */,
				262B89AD24122E79002D2268 /* CollectionReusableView.swift in Sources */,
				13E361E7240C653F00F07DAE /* AnimalsTableViewController.swift in Sources */,
				260A59AF24117270009F3827 /* CollectionViewCell.swift in Sources */,
				134EC5122409878E00730470 /* AppDelegate.swift in Sources */,
				260A59B124117381009F3827 /* ViewController.swift in Sources */,
				134EC5142409878E00730470 /* SceneDelegate.swift in Sources */,
				134EC52C2409991400730470 /* Animal.swift in Sources */,
			);
			runOnlyForDeploymentPostprocessing = 0;
		};
/* End PBXSourcesBuildPhase section */

/* Begin PBXVariantGroup section */
		134EC5172409878E00730470 /* Main.storyboard */ = {
			isa = PBXVariantGroup;
			children = (
				134EC5182409878E00730470 /* Base */,
			);
			name = Main.storyboard;
			sourceTree = "<group>";
		};
		134EC51C2409878F00730470 /* LaunchScreen.storyboard */ = {
			isa = PBXVariantGroup;
			children = (
				134EC51D2409878F00730470 /* Base */,
			);
			name = LaunchScreen.storyboard;
			sourceTree = "<group>";
		};
/* End PBXVariantGroup section */

/* Begin XCBuildConfiguration section */
		134EC5202409878F00730470 /* Debug */ = {
			isa = XCBuildConfiguration;
			buildSettings = {
				ALWAYS_SEARCH_USER_PATHS = NO;
				CLANG_ANALYZER_NONNULL = YES;
				CLANG_ANALYZER_NUMBER_OBJECT_CONVERSION = YES_AGGRESSIVE;
				CLANG_CXX_LANGUAGE_STANDARD = "gnu++14";
				CLANG_CXX_LIBRARY = "libc++";
				CLANG_ENABLE_MODULES = YES;
				CLANG_ENABLE_OBJC_ARC = YES;
				CLANG_ENABLE_OBJC_WEAK = YES;
				CLANG_WARN_BLOCK_CAPTURE_AUTORELEASING = YES;
				CLANG_WARN_BOOL_CONVERSION = YES;
				CLANG_WARN_COMMA = YES;
				CLANG_WARN_CONSTANT_CONVERSION = YES;
				CLANG_WARN_DEPRECATED_OBJC_IMPLEMENTATIONS = YES;
				CLANG_WARN_DIRECT_OBJC_ISA_USAGE = YES_ERROR;
				CLANG_WARN_DOCUMENTATION_COMMENTS = YES;
				CLANG_WARN_EMPTY_BODY = YES;
				CLANG_WARN_ENUM_CONVERSION = YES;
				CLANG_WARN_INFINITE_RECURSION = YES;
				CLANG_WARN_INT_CONVERSION = YES;
				CLANG_WARN_NON_LITERAL_NULL_CONVERSION = YES;
				CLANG_WARN_OBJC_IMPLICIT_RETAIN_SELF = YES;
				CLANG_WARN_OBJC_LITERAL_CONVERSION = YES;
				CLANG_WARN_OBJC_ROOT_CLASS = YES_ERROR;
				CLANG_WARN_RANGE_LOOP_ANALYSIS = YES;
				CLANG_WARN_STRICT_PROTOTYPES = YES;
				CLANG_WARN_SUSPICIOUS_MOVE = YES;
				CLANG_WARN_UNGUARDED_AVAILABILITY = YES_AGGRESSIVE;
				CLANG_WARN_UNREACHABLE_CODE = YES;
				CLANG_WARN__DUPLICATE_METHOD_MATCH = YES;
				COPY_PHASE_STRIP = NO;
				DEBUG_INFORMATION_FORMAT = dwarf;
				ENABLE_STRICT_OBJC_MSGSEND = YES;
				ENABLE_TESTABILITY = YES;
				GCC_C_LANGUAGE_STANDARD = gnu11;
				GCC_DYNAMIC_NO_PIC = NO;
				GCC_NO_COMMON_BLOCKS = YES;
				GCC_OPTIMIZATION_LEVEL = 0;
				GCC_PREPROCESSOR_DEFINITIONS = (
					"DEBUG=1",
					"$(inherited)",
				);
				GCC_WARN_64_TO_32_BIT_CONVERSION = YES;
				GCC_WARN_ABOUT_RETURN_TYPE = YES_ERROR;
				GCC_WARN_UNDECLARED_SELECTOR = YES;
				GCC_WARN_UNINITIALIZED_AUTOS = YES_AGGRESSIVE;
				GCC_WARN_UNUSED_FUNCTION = YES;
				GCC_WARN_UNUSED_VARIABLE = YES;
				IPHONEOS_DEPLOYMENT_TARGET = 13.2;
				MTL_ENABLE_DEBUG_INFO = INCLUDE_SOURCE;
				MTL_FAST_MATH = YES;
				ONLY_ACTIVE_ARCH = YES;
				SDKROOT = iphoneos;
				SWIFT_ACTIVE_COMPILATION_CONDITIONS = DEBUG;
				SWIFT_OPTIMIZATION_LEVEL = "-Onone";
			};
			name = Debug;
		};
		134EC5212409878F00730470 /* Release */ = {
			isa = XCBuildConfiguration;
			buildSettings = {
				ALWAYS_SEARCH_USER_PATHS = NO;
				CLANG_ANALYZER_NONNULL = YES;
				CLANG_ANALYZER_NUMBER_OBJECT_CONVERSION = YES_AGGRESSIVE;
				CLANG_CXX_LANGUAGE_STANDARD = "gnu++14";
				CLANG_CXX_LIBRARY = "libc++";
				CLANG_ENABLE_MODULES = YES;
				CLANG_ENABLE_OBJC_ARC = YES;
				CLANG_ENABLE_OBJC_WEAK = YES;
				CLANG_WARN_BLOCK_CAPTURE_AUTORELEASING = YES;
				CLANG_WARN_BOOL_CONVERSION = YES;
				CLANG_WARN_COMMA = YES;
				CLANG_WARN_CONSTANT_CONVERSION = YES;
				CLANG_WARN_DEPRECATED_OBJC_IMPLEMENTATIONS = YES;
				CLANG_WARN_DIRECT_OBJC_ISA_USAGE = YES_ERROR;
				CLANG_WARN_DOCUMENTATION_COMMENTS = YES;
				CLANG_WARN_EMPTY_BODY = YES;
				CLANG_WARN_ENUM_CONVERSION = YES;
				CLANG_WARN_INFINITE_RECURSION = YES;
				CLANG_WARN_INT_CONVERSION = YES;
				CLANG_WARN_NON_LITERAL_NULL_CONVERSION = YES;
				CLANG_WARN_OBJC_IMPLICIT_RETAIN_SELF = YES;
				CLANG_WARN_OBJC_LITERAL_CONVERSION = YES;
				CLANG_WARN_OBJC_ROOT_CLASS = YES_ERROR;
				CLANG_WARN_RANGE_LOOP_ANALYSIS = YES;
				CLANG_WARN_STRICT_PROTOTYPES = YES;
				CLANG_WARN_SUSPICIOUS_MOVE = YES;
				CLANG_WARN_UNGUARDED_AVAILABILITY = YES_AGGRESSIVE;
				CLANG_WARN_UNREACHABLE_CODE = YES;
				CLANG_WARN__DUPLICATE_METHOD_MATCH = YES;
				COPY_PHASE_STRIP = NO;
				DEBUG_INFORMATION_FORMAT = "dwarf-with-dsym";
				ENABLE_NS_ASSERTIONS = NO;
				ENABLE_STRICT_OBJC_MSGSEND = YES;
				GCC_C_LANGUAGE_STANDARD = gnu11;
				GCC_NO_COMMON_BLOCKS = YES;
				GCC_WARN_64_TO_32_BIT_CONVERSION = YES;
				GCC_WARN_ABOUT_RETURN_TYPE = YES_ERROR;
				GCC_WARN_UNDECLARED_SELECTOR = YES;
				GCC_WARN_UNINITIALIZED_AUTOS = YES_AGGRESSIVE;
				GCC_WARN_UNUSED_FUNCTION = YES;
				GCC_WARN_UNUSED_VARIABLE = YES;
				IPHONEOS_DEPLOYMENT_TARGET = 13.2;
				MTL_ENABLE_DEBUG_INFO = NO;
				MTL_FAST_MATH = YES;
				SDKROOT = iphoneos;
				SWIFT_COMPILATION_MODE = wholemodule;
				SWIFT_OPTIMIZATION_LEVEL = "-O";
				VALIDATE_PRODUCT = YES;
			};
			name = Release;
		};
		134EC5232409878F00730470 /* Debug */ = {
			isa = XCBuildConfiguration;
			buildSettings = {
				ASSETCATALOG_COMPILER_APPICON_NAME = AppIcon;
				CODE_SIGN_STYLE = Automatic;
				DEVELOPMENT_TEAM = N2P5744866;
				INFOPLIST_FILE = group_5_assignment5/Info.plist;
				LD_RUNPATH_SEARCH_PATHS = (
					"$(inherited)",
					"@executable_path/Frameworks",
				);
				PRODUCT_BUNDLE_IDENTIFIER = "cs329e.group-5-assignment5";
				PRODUCT_NAME = "$(TARGET_NAME)";
				SWIFT_VERSION = 5.0;
				TARGETED_DEVICE_FAMILY = "1,2";
			};
			name = Debug;
		};
		134EC5242409878F00730470 /* Release */ = {
			isa = XCBuildConfiguration;
			buildSettings = {
				ASSETCATALOG_COMPILER_APPICON_NAME = AppIcon;
				CODE_SIGN_STYLE = Automatic;
				DEVELOPMENT_TEAM = N2P5744866;
				INFOPLIST_FILE = group_5_assignment5/Info.plist;
				LD_RUNPATH_SEARCH_PATHS = (
					"$(inherited)",
					"@executable_path/Frameworks",
				);
				PRODUCT_BUNDLE_IDENTIFIER = "cs329e.group-5-assignment5";
				PRODUCT_NAME = "$(TARGET_NAME)";
				SWIFT_VERSION = 5.0;
				TARGETED_DEVICE_FAMILY = "1,2";
			};
			name = Release;
		};
/* End XCBuildConfiguration section */

/* Begin XCConfigurationList section */
		134EC5092409878E00730470 /* Build configuration list for PBXProject "group_5_assignment5" */ = {
			isa = XCConfigurationList;
			buildConfigurations = (
				134EC5202409878F00730470 /* Debug */,
				134EC5212409878F00730470 /* Release */,
			);
			defaultConfigurationIsVisible = 0;
			defaultConfigurationName = Release;
		};
		134EC5222409878F00730470 /* Build configuration list for PBXNativeTarget "group_5_assignment5" */ = {
			isa = XCConfigurationList;
			buildConfigurations = (
				134EC5232409878F00730470 /* Debug */,
				134EC5242409878F00730470 /* Release */,
			);
			defaultConfigurationIsVisible = 0;
			defaultConfigurationName = Release;
		};
/* End XCConfigurationList section */
	};
	rootObject = 134EC5062409878E00730470 /* Project object */;
}
